hash: 6a4a96dff957248c71dd55bb1c10cab6106ad85b3b730dc87b5eea0d65f69609
updated: 2018-09-22T16:04:40.035571212+08:00
imports:
- name: github.com/cihub/seelog
  version: f561c5e57575bb1e0a2167028b7339b3a8d16fb4
  subpackages:
  - archive
  - archive/gzip
  - archive/tar
  - archive/zip
- name: github.com/cznic/golex
  version: 4ab7c5e190e49208c823ce8ec803aa39e6a4b31a
  subpackages:
  - lex
- name: github.com/cznic/mathutil
  version: ca4c9f2c136954238c3158b92de72078c7672ecc
- name: github.com/cznic/parser
  version: 31edd927e5b19d1c4a260c41a397e7f81d6694d9
  subpackages:
  - yacc
- name: github.com/cznic/sortutil
  version: 4c7342852e65c2088c981288f2c5610d10b9f7f4
- name: github.com/cznic/strutil
  version: 529a34b1c186b483642a7a230c67521d9aa4b0fb
- name: github.com/cznic/y
  version: 045f81c6662a943978e456166b7f30f13f633313
- name: github.com/dlclark/regexp2
  version: 487489b64fb796de2e55f4e8a4ad1e145f80e957
  subpackages:
  - syntax
- name: github.com/go-sql-driver/mysql
  version: d523deb1b23d913de5bdada721a6071e71283618
- name: github.com/golang/protobuf
  version: aa810b61a9c79d51363740d207bb46cf8e620ed5
  subpackages:
  - proto
- name: github.com/gorilla/schema
  version: e0e4b92809ac79a1a465c2f626c34b121e0916bd
- name: github.com/inconshreveable/mousetrap
  version: 76626ae9c91c4f2a10f34cad8ce83ea42c93bb75
- name: github.com/juju/errors
  version: 22422dad46e14561a0854ad42497a75af9b61909
- name: github.com/outbrain/golib
  version: ab954725f502c2be1491afadbbc66da2f99a45ae
  subpackages:
  - log
- name: github.com/pingcap/check
  version: 1c287c953996ab3a0bf535dba9d53d809d3dc0b6
- name: github.com/pingcap/tipb
  version: 1043caee48da56ffc3521406a041db8e5feac9a8
  subpackages:
  - go-tipb
  - sharedbytes
- name: github.com/sirupsen/logrus
  version: 3e01752db0189b9157070a0e1668a620f9a85da2
- name: github.com/spf13/cobra
  version: ef82de70bb3f60c65fb8eebacbb2d122ef517385
- name: github.com/spf13/pflag
  version: 298182f68c66c05229eb03ac171abe6e309ee79a
- name: golang.org/x/crypto
  version: 9419663f5a44be8b34ca85f08abc5fe1be11f8a3
  repo: https://github.com/golang/crypto
  vcs: git
  subpackages:
  - ssh/terminal
- name: golang.org/x/net
  version: 66aacef3dd8a676686c7ae3716979581e8b03c47
  repo: https://github.com/golang/net
  vcs: git
  subpackages:
  - context
- name: golang.org/x/sys
  version: ebfc5b4631820b793c9010c87fd8fef0f39eb082
  repo: https://github.com/golang/sys
  vcs: git
  subpackages:
  - unix
  - windows
- name: golang.org/x/text
  version: b19bf474d317b857955b12035d2c5acb57ce8b01
  repo: https://github.com/golang/text
  vcs: git
  subpackages:
  - encoding
  - encoding/charmap
  - encoding/internal
  - encoding/internal/identifier
  - encoding/japanese
  - encoding/korean
  - encoding/simplifiedchinese
  - encoding/traditionalchinese
  - encoding/unicode
  - internal/utf8internal
  - runes
  - transform
- name: google.golang.org/appengine
  version: ae0ab99deb4dc413a2b4bd6c8bdd0eb67f1e4d06
  repo: https://github.com/golang/appengine
  vcs: git
  subpackages:
  - cloudsql
- name: gopkg.in/natefinch/lumberjack.v2
  version: a96e63847dc3c67d17befa69c303767e2f84e54f
  repo: https://github.com/natefinch/lumberjack
testImports: []
